// !$*UTF8*$!
{
	archiveVersion = 1;
	classes = {
	};
	objectVersion = 77;
	objects = {

/* Begin PBXBuildFile section */
		B28F20C82EDF4BAE00BB634F /* Roboto_Condensed-MediumItalic.ttf in Resources */ = {isa = PBXBuildFile; fileRef = B28F209C2EDF4BAE00BB634F /* Roboto_Condensed-MediumItalic.ttf */; };
		B28F20C92EDF4BAE00BB634F /* Roboto_SemiCondensed-Bold.ttf in Resources */ = {isa = PBXBuildFile; fileRef = B28F20A42EDF4BAE00BB634F /* Roboto_SemiCondensed-Bold.ttf */; };
		B28F20CA2EDF4BAE00BB634F /* Roboto_SemiCondensed-Light.ttf in Resources */ = {isa = PBXBuildFile; fileRef = B28F20AB2EDF4BAE00BB634F /* Roboto_SemiCondensed-Light.ttf */; };
		B28F20CB2EDF4BAE00BB634F /* Roboto-Italic.ttf in Resources */ = {isa = PBXBuildFile; fileRef = B28F20BC2EDF4BAE00BB634F /* Roboto-Italic.ttf */; };
		B28F20CC2EDF4BAE00BB634F /* Roboto_Condensed-Bold.ttf in Resources */ = {isa = PBXBuildFile; fileRef = B28F20922EDF4BAE00BB634F /* Roboto_Condensed-Bold.ttf */; };
		B28F20CD2EDF4BAE00BB634F /* Roboto_SemiCondensed-ExtraBoldItalic.ttf in Resources */ = {isa = PBXBuildFile; fileRef = B28F20A72EDF4BAE00BB634F /* Roboto_SemiCondensed-ExtraBoldItalic.ttf */; };
		B28F20CE2EDF4BAE00BB634F /* Roboto-ExtraBold.ttf in Resources */ = {isa = PBXBuildFile; fileRef = B28F20B82EDF4BAE00BB634F /* Roboto-ExtraBold.ttf */; };
		B28F20CF2EDF4BAE00BB634F /* Roboto_SemiCondensed-BlackItalic.ttf in Resources */ = {isa = PBXBuildFile; fileRef = B28F20A32EDF4BAE00BB634F /* Roboto_SemiCondensed-BlackItalic.ttf */; };
		B28F20D02EDF4BAE00BB634F /* Roboto-Italic-VariableFont_wdth,wght.ttf in Resources */ = {isa = PBXBuildFile; fileRef = B28F20BD2EDF4BAE00BB634F /* Roboto-Italic-VariableFont_wdth,wght.ttf */; };
		B28F20D12EDF4BAE00BB634F /* Roboto_Condensed-Light.ttf in Resources */ = {isa = PBXBuildFile; fileRef = B28F20992EDF4BAE00BB634F /* Roboto_Condensed-Light.ttf */; };
		B28F20D22EDF4BAE00BB634F /* Roboto_SemiCondensed-ExtraBold.ttf in Resources */ = {isa = PBXBuildFile; fileRef = B28F20A62EDF4BAE00BB634F /* Roboto_SemiCondensed-ExtraBold.ttf */; };
		B28F20D32EDF4BAE00BB634F /* Roboto_Condensed-BoldItalic.ttf in Resources */ = {isa = PBXBuildFile; fileRef = B28F20932EDF4BAE00BB634F /* Roboto_Condensed-BoldItalic.ttf */; };
		B28F20D42EDF4BAE00BB634F /* Roboto-ExtraBoldItalic.ttf in Resources */ = {isa = PBXBuildFile; fileRef = B28F20B92EDF4BAE00BB634F /* Roboto-ExtraBoldItalic.ttf */; };
		B28F20D52EDF4BAE00BB634F /* Roboto_SemiCondensed-ExtraLightItalic.ttf in Resources */ = {isa = PBXBuildFile; fileRef = B28F20A92EDF4BAE00BB634F /* Roboto_SemiCondensed-ExtraLightItalic.ttf */; };
		B28F20D62EDF4BAE00BB634F /* Roboto_SemiCondensed-SemiBoldItalic.ttf in Resources */ = {isa = PBXBuildFile; fileRef = B28F20B12EDF4BAE00BB634F /* Roboto_SemiCondensed-SemiBoldItalic.ttf */; };
		B28F20D72EDF4BAE00BB634F /* Roboto-MediumItalic.ttf in Resources */ = {isa = PBXBuildFile; fileRef = B28F20C12EDF4BAE00BB634F /* Roboto-MediumItalic.ttf */; };
		B28F20D82EDF4BAE00BB634F /* Roboto_Condensed-Black.ttf in Resources */ = {isa = PBXBuildFile; fileRef = B28F20902EDF4BAE00BB634F /* Roboto_Condensed-Black.ttf */; };
		B28F20D92EDF4BAE00BB634F /* Roboto_Condensed-LightItalic.ttf in Resources */ = {isa = PBXBuildFile; fileRef = B28F209A2EDF4BAE00BB634F /* Roboto_Condensed-LightItalic.ttf */; };
		B28F20DA2EDF4BAE00BB634F /* Roboto_SemiCondensed-Medium.ttf in Resources */ = {isa = PBXBuildFile; fileRef = B28F20AD2EDF4BAE00BB634F /* Roboto_SemiCondensed-Medium.ttf */; };
		B28F20DB2EDF4BAE00BB634F /* Roboto_SemiCondensed-SemiBold.ttf in Resources */ = {isa = PBXBuildFile; fileRef = B28F20B02EDF4BAE00BB634F /* Roboto_SemiCondensed-SemiBold.ttf */; };
		B28F20DC2EDF4BAE00BB634F /* Roboto-Thin.ttf in Resources */ = {isa = PBXBuildFile; fileRef = B28F20C52EDF4BAE00BB634F /* Roboto-Thin.ttf */; };
		B28F20DD2EDF4BAE00BB634F /* Roboto_SemiCondensed-ExtraLight.ttf in Resources */ = {isa = PBXBuildFile; fileRef = B28F20A82EDF4BAE00BB634F /* Roboto_SemiCondensed-ExtraLight.ttf */; };
		B28F20DE2EDF4BAE00BB634F /* Roboto_Condensed-Medium.ttf in Resources */ = {isa = PBXBuildFile; fileRef = B28F209B2EDF4BAE00BB634F /* Roboto_Condensed-Medium.ttf */; };
		B28F20DF2EDF4BAE00BB634F /* Roboto-VariableFont_wdth,wght.ttf in Resources */ = {isa = PBXBuildFile; fileRef = B28F20C72EDF4BAE00BB634F /* Roboto-VariableFont_wdth,wght.ttf */; };
		B28F20E02EDF4BAE00BB634F /* Roboto_SemiCondensed-Italic.ttf in Resources */ = {isa = PBXBuildFile; fileRef = B28F20AA2EDF4BAE00BB634F /* Roboto_SemiCondensed-Italic.ttf */; };
		B28F20E12EDF4BAE00BB634F /* Roboto_SemiCondensed-Thin.ttf in Resources */ = {isa = PBXBuildFile; fileRef = B28F20B22EDF4BAE00BB634F /* Roboto_SemiCondensed-Thin.ttf */; };
		B28F20E22EDF4BAE00BB634F /* Roboto-SemiBold.ttf in Resources */ = {isa = PBXBuildFile; fileRef = B28F20C32EDF4BAE00BB634F /* Roboto-SemiBold.ttf */; };
		B28F20E32EDF4BAE00BB634F /* Roboto_Condensed-BlackItalic.ttf in Resources */ = {isa = PBXBuildFile; fileRef = B28F20912EDF4BAE00BB634F /* Roboto_Condensed-BlackItalic.ttf */; };
		B28F20E42EDF4BAE00BB634F /* Roboto-Light.ttf in Resources */ = {isa = PBXBuildFile; fileRef = B28F20BE2EDF4BAE00BB634F /* Roboto-Light.ttf */; };
		B28F20E52EDF4BAE00BB634F /* Roboto-BoldItalic.ttf in Resources */ = {isa = PBXBuildFile; fileRef = B28F20B72EDF4BAE00BB634F /* Roboto-BoldItalic.ttf */; };
		B28F20E62EDF4BAE00BB634F /* Roboto_Condensed-ExtraBold.ttf in Resources */ = {isa = PBXBuildFile; fileRef = B28F20942EDF4BAE00BB634F /* Roboto_Condensed-ExtraBold.ttf */; };
		B28F20E72EDF4BAE00BB634F /* Roboto_Condensed-SemiBoldItalic.ttf in Resources */ = {isa = PBXBuildFile; fileRef = B28F209F2EDF4BAE00BB634F /* Roboto_Condensed-SemiBoldItalic.ttf */; };
		B28F20E82EDF4BAE00BB634F /* Roboto_Condensed-ExtraLight.ttf in Resources */ = {isa = PBXBuildFile; fileRef = B28F20962EDF4BAE00BB634F /* Roboto_Condensed-ExtraLight.ttf */; };
		B28F20E92EDF4BAE00BB634F /* Roboto_SemiCondensed-Regular.ttf in Resources */ = {isa = PBXBuildFile; fileRef = B28F20AF2EDF4BAE00BB634F /* Roboto_SemiCondensed-Regular.ttf */; };
		B28F20EA2EDF4BAE00BB634F /* Roboto-Bold.ttf in Resources */ = {isa = PBXBuildFile; fileRef = B28F20B62EDF4BAE00BB634F /* Roboto-Bold.ttf */; };
		B28F20EB2EDF4BAE00BB634F /* Roboto-LightItalic.ttf in Resources */ = {isa = PBXBuildFile; fileRef = B28F20BF2EDF4BAE00BB634F /* Roboto-LightItalic.ttf */; };
		B28F20EC2EDF4BAE00BB634F /* Roboto_Condensed-Regular.ttf in Resources */ = {isa = PBXBuildFile; fileRef = B28F209D2EDF4BAE00BB634F /* Roboto_Condensed-Regular.ttf */; };
		B28F20ED2EDF4BAE00BB634F /* Roboto-Black.ttf in Resources */ = {isa = PBXBuildFile; fileRef = B28F20B42EDF4BAE00BB634F /* Roboto-Black.ttf */; };
		B28F20EE2EDF4BAE00BB634F /* Roboto-ThinItalic.ttf in Resources */ = {isa = PBXBuildFile; fileRef = B28F20C62EDF4BAE00BB634F /* Roboto-ThinItalic.ttf */; };
		B28F20EF2EDF4BAE00BB634F /* Roboto-Medium.ttf in Resources */ = {isa = PBXBuildFile; fileRef = B28F20C02EDF4BAE00BB634F /* Roboto-Medium.ttf */; };
		B28F20F02EDF4BAE00BB634F /* Roboto_SemiCondensed-BoldItalic.ttf in Resources */ = {isa = PBXBuildFile; fileRef = B28F20A52EDF4BAE00BB634F /* Roboto_SemiCondensed-BoldItalic.ttf */; };
		B28F20F12EDF4BAE00BB634F /* Italiana-Regular.ttf in Resources */ = {isa = PBXBuildFile; fileRef = B28F208F2EDF4BAE00BB634F /* Italiana-Regular.ttf */; };
		B28F20F22EDF4BAE00BB634F /* Roboto_SemiCondensed-LightItalic.ttf in Resources */ = {isa = PBXBuildFile; fileRef = B28F20AC2EDF4BAE00BB634F /* Roboto_SemiCondensed-LightItalic.ttf */; };
		B28F20F32EDF4BAE00BB634F /* Roboto-ExtraLightItalic.ttf in Resources */ = {isa = PBXBuildFile; fileRef = B28F20BB2EDF4BAE00BB634F /* Roboto-ExtraLightItalic.ttf */; };
		B28F20F42EDF4BAE00BB634F /* Roboto_Condensed-ThinItalic.ttf in Resources */ = {isa = PBXBuildFile; fileRef = B28F20A12EDF4BAE00BB634F /* Roboto_Condensed-ThinItalic.ttf */; };
		B28F20F52EDF4BAE00BB634F /* Roboto_Condensed-SemiBold.ttf in Resources */ = {isa = PBXBuildFile; fileRef = B28F209E2EDF4BAE00BB634F /* Roboto_Condensed-SemiBold.ttf */; };
		B28F20F62EDF4BAE00BB634F /* Roboto-Regular.ttf in Resources */ = {isa = PBXBuildFile; fileRef = B28F20C22EDF4BAE00BB634F /* Roboto-Regular.ttf */; };
		B28F20F72EDF4BAE00BB634F /* Roboto_Condensed-Thin.ttf in Resources */ = {isa = PBXBuildFile; fileRef = B28F20A02EDF4BAE00BB634F /* Roboto_Condensed-Thin.ttf */; };
		B28F20F82EDF4BAE00BB634F /* Roboto_SemiCondensed-MediumItalic.ttf in Resources */ = {isa = PBXBuildFile; fileRef = B28F20AE2EDF4BAE00BB634F /* Roboto_SemiCondensed-MediumItalic.ttf */; };
		B28F20F92EDF4BAE00BB634F /* Roboto_Condensed-ExtraBoldItalic.ttf in Resources */ = {isa = PBXBuildFile; fileRef = B28F20952EDF4BAE00BB634F /* Roboto_Condensed-ExtraBoldItalic.ttf */; };
		B28F20FA2EDF4BAE00BB634F /* Roboto_SemiCondensed-ThinItalic.ttf in Resources */ = {isa = PBXBuildFile; fileRef = B28F20B32EDF4BAE00BB634F /* Roboto_SemiCondensed-ThinItalic.ttf */; };
		B28F20FB2EDF4BAE00BB634F /* Roboto-BlackItalic.ttf in Resources */ = {isa = PBXBuildFile; fileRef = B28F20B52EDF4BAE00BB634F /* Roboto-BlackItalic.ttf */; };
		B28F20FC2EDF4BAE00BB634F /* Roboto_Condensed-Italic.ttf in Resources */ = {isa = PBXBuildFile; fileRef = B28F20982EDF4BAE00BB634F /* Roboto_Condensed-Italic.ttf */; };
		B28F20FD2EDF4BAE00BB634F /* Roboto_SemiCondensed-Black.ttf in Resources */ = {isa = PBXBuildFile; fileRef = B28F20A22EDF4BAE00BB634F /* Roboto_SemiCondensed-Black.ttf */; };
		B28F20FE2EDF4BAE00BB634F /* Roboto_Condensed-ExtraLightItalic.ttf in Resources */ = {isa = PBXBuildFile; fileRef = B28F20972EDF4BAE00BB634F /* Roboto_Condensed-ExtraLightItalic.ttf */; };
		B28F20FF2EDF4BAE00BB634F /* Roboto-ExtraLight.ttf in Resources */ = {isa = PBXBuildFile; fileRef = B28F20BA2EDF4BAE00BB634F /* Roboto-ExtraLight.ttf */; };
		B28F21002EDF4BAE00BB634F /* Roboto-SemiBoldItalic.ttf in Resources */ = {isa = PBXBuildFile; fileRef = B28F20C42EDF4BAE00BB634F /* Roboto-SemiBoldItalic.ttf */; };
/* End PBXBuildFile section */

/* Begin PBXFileReference section */
		B253CD262EC41549001396C3 /* com.IYA.Mueso.kenyaramirez.app */ = {isa = PBXFileReference; explicitFileType = wrapper.application; includeInIndex = 0; path = com.IYA.Mueso.kenyaramirez.app; sourceTree = BUILT_PRODUCTS_DIR; };
		B28F208F2EDF4BAE00BB634F /* Italiana-Regular.ttf */ = {isa = PBXFileReference; lastKnownFileType = file; path = "Italiana-Regular.ttf"; sourceTree = "<group>"; };
		B28F20902EDF4BAE00BB634F /* Roboto_Condensed-Black.ttf */ = {isa = PBXFileReference; lastKnownFileType = file; path = "Roboto_Condensed-Black.ttf"; sourceTree = "<group>"; };
		B28F20912EDF4BAE00BB634F /* Roboto_Condensed-BlackItalic.ttf */ = {isa = PBXFileReference; lastKnownFileType = file; path = "Roboto_Condensed-BlackItalic.ttf"; sourceTree = "<group>"; };
		B28F20922EDF4BAE00BB634F /* Roboto_Condensed-Bold.ttf */ = {isa = PBXFileReference; lastKnownFileType = file; path = "Roboto_Condensed-Bold.ttf"; sourceTree = "<group>"; };
		B28F20932EDF4BAE00BB634F /* Roboto_Condensed-BoldItalic.ttf */ = {isa = PBXFileReference; lastKnownFileType = file; path = "Roboto_Condensed-BoldItalic.ttf"; sourceTree = "<group>"; };
		B28F20942EDF4BAE00BB634F /* Roboto_Condensed-ExtraBold.ttf */ = {isa = PBXFileReference; lastKnownFileType = file; path = "Roboto_Condensed-ExtraBold.ttf"; sourceTree = "<group>"; };
		B28F20952EDF4BAE00BB634F /* Roboto_Condensed-ExtraBoldItalic.ttf */ = {isa = PBXFileReference; lastKnownFileType = file; path = "Roboto_Condensed-ExtraBoldItalic.ttf"; sourceTree = "<group>"; };
		B28F20962EDF4BAE00BB634F /* Roboto_Condensed-ExtraLight.ttf */ = {isa = PBXFileReference; lastKnownFileType = file; path = "Roboto_Condensed-ExtraLight.ttf"; sourceTree = "<group>"; };
		B28F20972EDF4BAE00BB634F /* Roboto_Condensed-ExtraLightItalic.ttf */ = {isa = PBXFileReference; lastKnownFileType = file; path = "Roboto_Condensed-ExtraLightItalic.ttf"; sourceTree = "<group>"; };
		B28F20982EDF4BAE00BB634F /* Roboto_Condensed-Italic.ttf */ = {isa = PBXFileReference; lastKnownFileType = file; path = "Roboto_Condensed-Italic.ttf"; sourceTree = "<group>"; };
		B28F20992EDF4BAE00BB634F /* Roboto_Condensed-Light.ttf */ = {isa = PBXFileReference; lastKnownFileType = file; path = "Roboto_Condensed-Light.ttf"; sourceTree = "<group>"; };
		B28F209A2EDF4BAE00BB634F /* Roboto_Condensed-LightItalic.ttf */ = {isa = PBXFileReference; lastKnownFileType = file; path = "Roboto_Condensed-LightItalic.ttf"; sourceTree = "<group>"; };
		B28F209B2EDF4BAE00BB634F /* Roboto_Condensed-Medium.ttf */ = {isa = PBXFileReference; lastKnownFileType = file; path = "Roboto_Condensed-Medium.ttf"; sourceTree = "<group>"; };
		B28F209C2EDF4BAE00BB634F /* Roboto_Condensed-MediumItalic.ttf */ = {isa = PBXFileReference; lastKnownFileType = file; path = "Roboto_Condensed-MediumItalic.ttf"; sourceTree = "<group>"; };
		B28F209D2EDF4BAE00BB634F /* Roboto_Condensed-Regular.ttf */ = {isa = PBXFileReference; lastKnownFileType = file; path = "Roboto_Condensed-Regular.ttf"; sourceTree = "<group>"; };
		B28F209E2EDF4BAE00BB634F /* Roboto_Condensed-SemiBold.ttf */ = {isa = PBXFileReference; lastKnownFileType = file; path = "Roboto_Condensed-SemiBold.ttf"; sourceTree = "<group>"; };
		B28F209F2EDF4BAE00BB634F /* Roboto_Condensed-SemiBoldItalic.ttf */ = {isa = PBXFileReference; lastKnownFileType = file; path = "Roboto_Condensed-SemiBoldItalic.ttf"; sourceTree = "<group>"; };
		B28F20A02EDF4BAE00BB634F /* Roboto_Condensed-Thin.ttf */ = {isa = PBXFileReference; lastKnownFileType = file; path = "Roboto_Condensed-Thin.ttf"; sourceTree = "<group>"; };
		B28F20A12EDF4BAE00BB634F /* Roboto_Condensed-ThinItalic.ttf */ = {isa = PBXFileReference; lastKnownFileType = file; path = "Roboto_Condensed-ThinItalic.ttf"; sourceTree = "<group>"; };
		B28F20A22EDF4BAE00BB634F /* Roboto_SemiCondensed-Black.ttf */ = {isa = PBXFileReference; lastKnownFileType = file; path = "Roboto_SemiCondensed-Black.ttf"; sourceTree = "<group>"; };
		B28F20A32EDF4BAE00BB634F /* Roboto_SemiCondensed-BlackItalic.ttf */ = {isa = PBXFileReference; lastKnownFileType = file; path = "Roboto_SemiCondensed-BlackItalic.ttf"; sourceTree = "<group>"; };
		B28F20A42EDF4BAE00BB634F /* Roboto_SemiCondensed-Bold.ttf */ = {isa = PBXFileReference; lastKnownFileType = file; path = "Roboto_SemiCondensed-Bold.ttf"; sourceTree = "<group>"; };
		B28F20A52EDF4BAE00BB634F /* Roboto_SemiCondensed-BoldItalic.ttf */ = {isa = PBXFileReference; lastKnownFileType = file; path = "Roboto_SemiCondensed-BoldItalic.ttf"; sourceTree = "<group>"; };
		B28F20A62EDF4BAE00BB634F /* Roboto_SemiCondensed-ExtraBold.ttf */ = {isa = PBXFileReference; lastKnownFileType = file; path = "Roboto_SemiCondensed-ExtraBold.ttf"; sourceTree = "<group>"; };
		B28F20A72EDF4BAE00BB634F /* Roboto_SemiCondensed-ExtraBoldItalic.ttf */ = {isa = PBXFileReference; lastKnownFileType = file; path = "Roboto_SemiCondensed-ExtraBoldItalic.ttf"; sourceTree = "<group>"; };
		B28F20A82EDF4BAE00BB634F /* Roboto_SemiCondensed-ExtraLight.ttf */ = {isa = PBXFileReference; lastKnownFileType = file; path = "Roboto_SemiCondensed-ExtraLight.ttf"; sourceTree = "<group>"; };
		B28F20A92EDF4BAE00BB634F /* Roboto_SemiCondensed-ExtraLightItalic.ttf */ = {isa = PBXFileReference; lastKnownFileType = file; path = "Roboto_SemiCondensed-ExtraLightItalic.ttf"; sourceTree = "<group>"; };
		B28F20AA2EDF4BAE00BB634F /* Roboto_SemiCondensed-Italic.ttf */ = {isa = PBXFileReference; lastKnownFileType = file; path = "Roboto_SemiCondensed-Italic.ttf"; sourceTree = "<group>"; };
		B28F20AB2EDF4BAE00BB634F /* Roboto_SemiCondensed-Light.ttf */ = {isa = PBXFileReference; lastKnownFileType = file; path = "Roboto_SemiCondensed-Light.ttf"; sourceTree = "<group>"; };
		B28F20AC2EDF4BAE00BB634F /* Roboto_SemiCondensed-LightItalic.ttf */ = {isa = PBXFileReference; lastKnownFileType = file; path = "Roboto_SemiCondensed-LightItalic.ttf"; sourceTree = "<group>"; };
		B28F20AD2EDF4BAE00BB634F /* Roboto_SemiCondensed-Medium.ttf */ = {isa = PBXFileReference; lastKnownFileType = file; path = "Roboto_SemiCondensed-Medium.ttf"; sourceTree = "<group>"; };
		B28F20AE2EDF4BAE00BB634F /* Roboto_SemiCondensed-MediumItalic.ttf */ = {isa = PBXFileReference; lastKnownFileType = file; path = "Roboto_SemiCondensed-MediumItalic.ttf"; sourceTree = "<group>"; };
		B28F20AF2EDF4BAE00BB634F /* Roboto_SemiCondensed-Regular.ttf */ = {isa = PBXFileReference; lastKnownFileType = file; path = "Roboto_SemiCondensed-Regular.ttf"; sourceTree = "<group>"; };
		B28F20B02EDF4BAE00BB634F /* Roboto_SemiCondensed-SemiBold.ttf */ = {isa = PBXFileReference; lastKnownFileType = file; path = "Roboto_SemiCondensed-SemiBold.ttf"; sourceTree = "<group>"; };
		B28F20B12EDF4BAE00BB634F /* Roboto_SemiCondensed-SemiBoldItalic.ttf */ = {isa = PBXFileReference; lastKnownFileType = file; path = "Roboto_SemiCondensed-SemiBoldItalic.ttf"; sourceTree = "<group>"; };
		B28F20B22EDF4BAE00BB634F /* Roboto_SemiCondensed-Thin.ttf */ = {isa = PBXFileReference; lastKnownFileType = file; path = "Roboto_SemiCondensed-Thin.ttf"; sourceTree = "<group>"; };
		B28F20B32EDF4BAE00BB634F /* Roboto_SemiCondensed-ThinItalic.ttf */ = {isa = PBXFileReference; lastKnownFileType = file; path = "Roboto_SemiCondensed-ThinItalic.ttf"; sourceTree = "<group>"; };
		B28F20B42EDF4BAE00BB634F /* Roboto-Black.ttf */ = {isa = PBXFileReference; lastKnownFileType = file; path = "Roboto-Black.ttf"; sourceTree = "<group>"; };
		B28F20B52EDF4BAE00BB634F /* Roboto-BlackItalic.ttf */ = {isa = PBXFileReference; lastKnownFileType = file; path = "Roboto-BlackItalic.ttf"; sourceTree = "<group>"; };
		B28F20B62EDF4BAE00BB634F /* Roboto-Bold.ttf */ = {isa = PBXFileReference; lastKnownFileType = file; path = "Roboto-Bold.ttf"; sourceTree = "<group>"; };
		B28F20B72EDF4BAE00BB634F /* Roboto-BoldItalic.ttf */ = {isa = PBXFileReference; lastKnownFileType = file; path = "Roboto-BoldItalic.ttf"; sourceTree = "<group>"; };
		B28F20B82EDF4BAE00BB634F /* Roboto-ExtraBold.ttf */ = {isa = PBXFileReference; lastKnownFileType = file; path = "Roboto-ExtraBold.ttf"; sourceTree = "<group>"; };
		B28F20B92EDF4BAE00BB634F /* Roboto-ExtraBoldItalic.ttf */ = {isa = PBXFileReference; lastKnownFileType = file; path = "Roboto-ExtraBoldItalic.ttf"; sourceTree = "<group>"; };
		B28F20BA2EDF4BAE00BB634F /* Roboto-ExtraLight.ttf */ = {isa = PBXFileReference; lastKnownFileType = file; path = "Roboto-ExtraLight.ttf"; sourceTree = "<group>"; };
		B28F20BB2EDF4BAE00BB634F /* Roboto-ExtraLightItalic.ttf */ = {isa = PBXFileReference; lastKnownFileType = file; path = "Roboto-ExtraLightItalic.ttf"; sourceTree = "<group>"; };
		B28F20BC2EDF4BAE00BB634F /* Roboto-Italic.ttf */ = {isa = PBXFileReference; lastKnownFileType = file; path = "Roboto-Italic.ttf"; sourceTree = "<group>"; };
		B28F20BD2EDF4BAE00BB634F /* Roboto-Italic-VariableFont_wdth,wght.ttf */ = {isa = PBXFileReference; lastKnownFileType = file; path = "Roboto-Italic-VariableFont_wdth,wght.ttf"; sourceTree = "<group>"; };
		B28F20BE2EDF4BAE00BB634F /* Roboto-Light.ttf */ = {isa = PBXFileReference; lastKnownFileType = file; path = "Roboto-Light.ttf"; sourceTree = "<group>"; };
		B28F20BF2EDF4BAE00BB634F /* Roboto-LightItalic.ttf */ = {isa = PBXFileReference; lastKnownFileType = file; path = "Roboto-LightItalic.ttf"; sourceTree = "<group>"; };
		B28F20C02EDF4BAE00BB634F /* Roboto-Medium.ttf */ = {isa = PBXFileReference; lastKnownFileType = file; path = "Roboto-Medium.ttf"; sourceTree = "<group>"; };
		B28F20C12EDF4BAE00BB634F /* Roboto-MediumItalic.ttf */ = {isa = PBXFileReference; lastKnownFileType = file; path = "Roboto-MediumItalic.ttf"; sourceTree = "<group>"; };
		B28F20C22EDF4BAE00BB634F /* Roboto-Regular.ttf */ = {isa = PBXFileReference; lastKnownFileType = file; path = "Roboto-Regular.ttf"; sourceTree = "<group>"; };
		B28F20C32EDF4BAE00BB634F /* Roboto-SemiBold.ttf */ = {isa = PBXFileReference; lastKnownFileType = file; path = "Roboto-SemiBold.ttf"; sourceTree = "<group>"; };
		B28F20C42EDF4BAE00BB634F /* Roboto-SemiBoldItalic.ttf */ = {isa = PBXFileReference; lastKnownFileType = file; path = "Roboto-SemiBoldItalic.ttf"; sourceTree = "<group>"; };
		B28F20C52EDF4BAE00BB634F /* Roboto-Thin.ttf */ = {isa = PBXFileReference; lastKnownFileType = file; path = "Roboto-Thin.ttf"; sourceTree = "<group>"; };
		B28F20C62EDF4BAE00BB634F /* Roboto-ThinItalic.ttf */ = {isa = PBXFileReference; lastKnownFileType = file; path = "Roboto-ThinItalic.ttf"; sourceTree = "<group>"; };
		B28F20C72EDF4BAE00BB634F /* Roboto-VariableFont_wdth,wght.ttf */ = {isa = PBXFileReference; lastKnownFileType = file; path = "Roboto-VariableFont_wdth,wght.ttf"; sourceTree = "<group>"; };
/* End PBXFileReference section */

/* Begin PBXFileSystemSynchronizedRootGroup section */
		B253CD282EC41549001396C3 /* com.IYA.Mueso.kenyaramirez */ = {
			isa = PBXFileSystemSynchronizedRootGroup;
			path = com.IYA.Mueso.kenyaramirez;
			sourceTree = "<group>";
		};
/* End PBXFileSystemSynchronizedRootGroup section */

/* Begin PBXFrameworksBuildPhase section */
		B253CD232EC41549001396C3 /* Frameworks */ = {
			isa = PBXFrameworksBuildPhase;
			buildActionMask = 2147483647;
			files = (
			);
			runOnlyForDeploymentPostprocessing = 0;
		};
/* End PBXFrameworksBuildPhase section */

/* Begin PBXGroup section */
		B253CD1D2EC41549001396C3 = {
			isa = PBXGroup;
			children = (
				B28F208E2EDF4B6200BB634F /* Fonts */,
				B253CD282EC41549001396C3 /* com.IYA.Mueso.kenyaramirez */,
				B253CD272EC41549001396C3 /* Products */,
			);
			sourceTree = "<group>";
		};
		B253CD272EC41549001396C3 /* Products */ = {
			isa = PBXGroup;
			children = (
				B253CD262EC41549001396C3 /* com.IYA.Mueso.kenyaramirez.app */,
			);
			name = Products;
			sourceTree = "<group>";
		};
		B28F208E2EDF4B6200BB634F /* Fonts */ = {
			isa = PBXGroup;
			children = (
				B28F208F2EDF4BAE00BB634F /* Italiana-Regular.ttf */,
				B28F20902EDF4BAE00BB634F /* Roboto_Condensed-Black.ttf */,
				B28F20912EDF4BAE00BB634F /* Roboto_Condensed-BlackItalic.ttf */,
				B28F20922EDF4BAE00BB634F /* Roboto_Condensed-Bold.ttf */,
				B28F20932EDF4BAE00BB634F /* Roboto_Condensed-BoldItalic.ttf */,
				B28F20942EDF4BAE00BB634F /* Roboto_Condensed-ExtraBold.ttf */,
				B28F20952EDF4BAE00BB634F /* Roboto_Condensed-ExtraBoldItalic.ttf */,
				B28F20962EDF4BAE00BB634F /* Roboto_Condensed-ExtraLight.ttf */,
				B28F20972EDF4BAE00BB634F /* Roboto_Condensed-ExtraLightItalic.ttf */,
				B28F20982EDF4BAE00BB634F /* Roboto_Condensed-Italic.ttf */,
				B28F20992EDF4BAE00BB634F /* Roboto_Condensed-Light.ttf */,
				B28F209A2EDF4BAE00BB634F /* Roboto_Condensed-LightItalic.ttf */,
				B28F209B2EDF4BAE00BB634F /* Roboto_Condensed-Medium.ttf */,
				B28F209C2EDF4BAE00BB634F /* Roboto_Condensed-MediumItalic.ttf */,
				B28F209D2EDF4BAE00BB634F /* Roboto_Condensed-Regular.ttf */,
				B28F209E2EDF4BAE00BB634F /* Roboto_Condensed-SemiBold.ttf */,
				B28F209F2EDF4BAE00BB634F /* Roboto_Condensed-SemiBoldItalic.ttf */,
				B28F20A02EDF4BAE00BB634F /* Roboto_Condensed-Thin.ttf */,
				B28F20A12EDF4BAE00BB634F /* Roboto_Condensed-ThinItalic.ttf */,
				B28F20A22EDF4BAE00BB634F /* Roboto_SemiCondensed-Black.ttf */,
				B28F20A32EDF4BAE00BB634F /* Roboto_SemiCondensed-BlackItalic.ttf */,
				B28F20A42EDF4BAE00BB634F /* Roboto_SemiCondensed-Bold.ttf */,
				B28F20A52EDF4BAE00BB634F /* Roboto_SemiCondensed-BoldItalic.ttf */,
				B28F20A62EDF4BAE00BB634F /* Roboto_SemiCondensed-ExtraBold.ttf */,
				B28F20A72EDF4BAE00BB634F /* Roboto_SemiCondensed-ExtraBoldItalic.ttf */,
				B28F20A82EDF4BAE00BB634F /* Roboto_SemiCondensed-ExtraLight.ttf */,
				B28F20A92EDF4BAE00BB634F /* Roboto_SemiCondensed-ExtraLightItalic.ttf */,
				B28F20AA2EDF4BAE00BB634F /* Roboto_SemiCondensed-Italic.ttf */,
				B28F20AB2EDF4BAE00BB634F /* Roboto_SemiCondensed-Light.ttf */,
				B28F20AC2EDF4BAE00BB634F /* Roboto_SemiCondensed-LightItalic.ttf */,
				B28F20AD2EDF4BAE00BB634F /* Roboto_SemiCondensed-Medium.ttf */,
				B28F20AE2EDF4BAE00BB634F /* Roboto_SemiCondensed-MediumItalic.ttf */,
				B28F20AF2EDF4BAE00BB634F /* Roboto_SemiCondensed-Regular.ttf */,
				B28F20B02EDF4BAE00BB634F /* Roboto_SemiCondensed-SemiBold.ttf */,
				B28F20B12EDF4BAE00BB634F /* Roboto_SemiCondensed-SemiBoldItalic.ttf */,
				B28F20B22EDF4BAE00BB634F /* Roboto_SemiCondensed-Thin.ttf */,
				B28F20B32EDF4BAE00BB634F /* Roboto_SemiCondensed-ThinItalic.ttf */,
				B28F20B42EDF4BAE00BB634F /* Roboto-Black.ttf */,
				B28F20B52EDF4BAE00BB634F /* Roboto-BlackItalic.ttf */,
				B28F20B62EDF4BAE00BB634F /* Roboto-Bold.ttf */,
				B28F20B72EDF4BAE00BB634F /* Roboto-BoldItalic.ttf */,
				B28F20B82EDF4BAE00BB634F /* Roboto-ExtraBold.ttf */,
				B28F20B92EDF4BAE00BB634F /* Roboto-ExtraBoldItalic.ttf */,
				B28F20BA2EDF4BAE00BB634F /* Roboto-ExtraLight.ttf */,
				B28F20BB2EDF4BAE00BB634F /* Roboto-ExtraLightItalic.ttf */,
				B28F20BC2EDF4BAE00BB634F /* Roboto-Italic.ttf */,
				B28F20BD2EDF4BAE00BB634F /* Roboto-Italic-VariableFont_wdth,wght.ttf */,
				B28F20BE2EDF4BAE00BB634F /* Roboto-Light.ttf */,
				B28F20BF2EDF4BAE00BB634F /* Roboto-LightItalic.ttf */,
				B28F20C02EDF4BAE00BB634F /* Roboto-Medium.ttf */,
				B28F20C12EDF4BAE00BB634F /* Roboto-MediumItalic.ttf */,
				B28F20C22EDF4BAE00BB634F /* Roboto-Regular.ttf */,
				B28F20C32EDF4BAE00BB634F /* Roboto-SemiBold.ttf */,
				B28F20C42EDF4BAE00BB634F /* Roboto-SemiBoldItalic.ttf */,
				B28F20C52EDF4BAE00BB634F /* Roboto-Thin.ttf */,
				B28F20C62EDF4BAE00BB634F /* Roboto-ThinItalic.ttf */,
				B28F20C72EDF4BAE00BB634F /* Roboto-VariableFont_wdth,wght.ttf */,
			);
			path = Fonts;
			sourceTree = "<group>";
		};
/* End PBXGroup section */

/* Begin PBXNativeTarget section */
		B253CD252EC41549001396C3 /* com.IYA.Mueso.kenyaramirez */ = {
			isa = PBXNativeTarget;
			buildConfigurationList = B253CD312EC4154B001396C3 /* Build configuration list for PBXNativeTarget "com.IYA.Mueso.kenyaramirez" */;
			buildPhases = (
				B253CD222EC41549001396C3 /* Sources */,
				B253CD232EC41549001396C3 /* Frameworks */,
				B253CD242EC41549001396C3 /* Resources */,
			);
			buildRules = (
			);
			dependencies = (
			);
			fileSystemSynchronizedGroups = (
				B253CD282EC41549001396C3 /* com.IYA.Mueso.kenyaramirez */,
			);
			name = com.IYA.Mueso.kenyaramirez;
			packageProductDependencies = (
			);
			productName = com.IYA.Mueso.kenyaramirez;
			productReference = B253CD262EC41549001396C3 /* com.IYA.Mueso.kenyaramirez.app */;
			productType = "com.apple.product-type.application";
		};
/* End PBXNativeTarget section */

/* Begin PBXProject section */
		B253CD1E2EC41549001396C3 /* Project object */ = {
			isa = PBXProject;
			attributes = {
				BuildIndependentTargetsInParallel = 1;
				LastSwiftUpdateCheck = 1640;
				LastUpgradeCheck = 1640;
				TargetAttributes = {
					B253CD252EC41549001396C3 = {
						CreatedOnToolsVersion = 16.4;
						LastSwiftMigration = 2610;
					};
				};
			};
			buildConfigurationList = B253CD212EC41549001396C3 /* Build configuration list for PBXProject "com.IYA.Mueso.kenyaramirez" */;
			developmentRegion = en;
			hasScannedForEncodings = 0;
			knownRegions = (
				en,
				Base,
			);
			mainGroup = B253CD1D2EC41549001396C3;
			minimizedProjectReferenceProxies = 1;
			preferredProjectObjectVersion = 77;
			productRefGroup = B253CD272EC41549001396C3 /* Products */;
			projectDirPath = "";
			projectRoot = "";
			targets = (
				B253CD252EC41549001396C3 /* com.IYA.Mueso.kenyaramirez */,
			);
		};
/* End PBXProject section */

/* Begin PBXResourcesBuildPhase section */
		B253CD242EC41549001396C3 /* Resources */ = {
			isa = PBXResourcesBuildPhase;
			buildActionMask = 2147483647;
			files = (
				B28F20C82EDF4BAE00BB634F /* Roboto_Condensed-MediumItalic.ttf in Resources */,
				B28F20C92EDF4BAE00BB634F /* Roboto_SemiCondensed-Bold.ttf in Resources */,
				B28F20CA2EDF4BAE00BB634F /* Roboto_SemiCondensed-Light.ttf in Resources */,
				B28F20CB2EDF4BAE00BB634F /* Roboto-Italic.ttf in Resources */,
				B28F20CC2EDF4BAE00BB634F /* Roboto_Condensed-Bold.ttf in Resources */,
				B28F20CD2EDF4BAE00BB634F /* Roboto_SemiCondensed-ExtraBoldItalic.ttf in Resources */,
				B28F20CE2EDF4BAE00BB634F /* Roboto-ExtraBold.ttf in Resources */,
				B28F20CF2EDF4BAE00BB634F /* Roboto_SemiCondensed-BlackItalic.ttf in Resources */,
				B28F20D02EDF4BAE00BB634F /* Roboto-Italic-VariableFont_wdth,wght.ttf in Resources */,
				B28F20D12EDF4BAE00BB634F /* Roboto_Condensed-Light.ttf in Resources */,
				B28F20D22EDF4BAE00BB634F /* Roboto_SemiCondensed-ExtraBold.ttf in Resources */,
				B28F20D32EDF4BAE00BB634F /* Roboto_Condensed-BoldItalic.ttf in Resources */,
				B28F20D42EDF4BAE00BB634F /* Roboto-ExtraBoldItalic.ttf in Resources */,
				B28F20D52EDF4BAE00BB634F /* Roboto_SemiCondensed-ExtraLightItalic.ttf in Resources */,
				B28F20D62EDF4BAE00BB634F /* Roboto_SemiCondensed-SemiBoldItalic.ttf in Resources */,
				B28F20D72EDF4BAE00BB634F /* Roboto-MediumItalic.ttf in Resources */,
				B28F20D82EDF4BAE00BB634F /* Roboto_Condensed-Black.ttf in Resources */,
				B28F20D92EDF4BAE00BB634F /* Roboto_Condensed-LightItalic.ttf in Resources */,
				B28F20DA2EDF4BAE00BB634F /* Roboto_SemiCondensed-Medium.ttf in Resources */,
				B28F20DB2EDF4BAE00BB634F /* Roboto_SemiCondensed-SemiBold.ttf in Resources */,
				B28F20DC2EDF4BAE00BB634F /* Roboto-Thin.ttf in Resources */,
				B28F20DD2EDF4BAE00BB634F /* Roboto_SemiCondensed-ExtraLight.ttf in Resources */,
				B28F20DE2EDF4BAE00BB634F /* Roboto_Condensed-Medium.ttf in Resources */,
				B28F20DF2EDF4BAE00BB634F /* Roboto-VariableFont_wdth,wght.ttf in Resources */,
				B28F20E02EDF4BAE00BB634F /* Roboto_SemiCondensed-Italic.ttf in Resources */,
				B28F20E12EDF4BAE00BB634F /* Roboto_SemiCondensed-Thin.ttf in Resources */,
				B28F20E22EDF4BAE00BB634F /* Roboto-SemiBold.ttf in Resources */,
				B28F20E32EDF4BAE00BB634F /* Roboto_Condensed-BlackItalic.ttf in Resources */,
				B28F20E42EDF4BAE00BB634F /* Roboto-Light.ttf in Resources */,
				B28F20E52EDF4BAE00BB634F /* Roboto-BoldItalic.ttf in Resources */,
				B28F20E62EDF4BAE00BB634F /* Roboto_Condensed-ExtraBold.ttf in Resources */,
				B28F20E72EDF4BAE00BB634F /* Roboto_Condensed-SemiBoldItalic.ttf in Resources */,
				B28F20E82EDF4BAE00BB634F /* Roboto_Condensed-ExtraLight.ttf in Resources */,
				B28F20E92EDF4BAE00BB634F /* Roboto_SemiCondensed-Regular.ttf in Resources */,
				B28F20EA2EDF4BAE00BB634F /* Roboto-Bold.ttf in Resources */,
				B28F20EB2EDF4BAE00BB634F /* Roboto-LightItalic.ttf in Resources */,
				B28F20EC2EDF4BAE00BB634F /* Roboto_Condensed-Regular.ttf in Resources */,
				B28F20ED2EDF4BAE00BB634F /* Roboto-Black.ttf in Resources */,
				B28F20EE2EDF4BAE00BB634F /* Roboto-ThinItalic.ttf in Resources */,
				B28F20EF2EDF4BAE00BB634F /* Roboto-Medium.ttf in Resources */,
				B28F20F02EDF4BAE00BB634F /* Roboto_SemiCondensed-BoldItalic.ttf in Resources */,
				B28F20F12EDF4BAE00BB634F /* Italiana-Regular.ttf in Resources */,
				B28F20F22EDF4BAE00BB634F /* Roboto_SemiCondensed-LightItalic.ttf in Resources */,
				B28F20F32EDF4BAE00BB634F /* Roboto-ExtraLightItalic.ttf in Resources */,
				B28F20F42EDF4BAE00BB634F /* Roboto_Condensed-ThinItalic.ttf in Resources */,
				B28F20F52EDF4BAE00BB634F /* Roboto_Condensed-SemiBold.ttf in Resources */,
				B28F20F62EDF4BAE00BB634F /* Roboto-Regular.ttf in Resources */,
				B28F20F72EDF4BAE00BB634F /* Roboto_Condensed-Thin.ttf in Resources */,
				B28F20F82EDF4BAE00BB634F /* Roboto_SemiCondensed-MediumItalic.ttf in Resources */,
				B28F20F92EDF4BAE00BB634F /* Roboto_Condensed-ExtraBoldItalic.ttf in Resources */,
				B28F20FA2EDF4BAE00BB634F /* Roboto_SemiCondensed-ThinItalic.ttf in Resources */,
				B28F20FB2EDF4BAE00BB634F /* Roboto-BlackItalic.ttf in Resources */,
				B28F20FC2EDF4BAE00BB634F /* Roboto_Condensed-Italic.ttf in Resources */,
				B28F20FD2EDF4BAE00BB634F /* Roboto_SemiCondensed-Black.ttf in Resources */,
				B28F20FE2EDF4BAE00BB634F /* Roboto_Condensed-ExtraLightItalic.ttf in Resources */,
				B28F20FF2EDF4BAE00BB634F /* Roboto-ExtraLight.ttf in Resources */,
				B28F21002EDF4BAE00BB634F /* Roboto-SemiBoldItalic.ttf in Resources */,
			);
			runOnlyForDeploymentPostprocessing = 0;
		};
/* End PBXResourcesBuildPhase section */

/* Begin PBXSourcesBuildPhase section */
		B253CD222EC41549001396C3 /* Sources */ = {
			isa = PBXSourcesBuildPhase;
			buildActionMask = 2147483647;
			files = (
			);
			runOnlyForDeploymentPostprocessing = 0;
		};
/* End PBXSourcesBuildPhase section */

/* Begin XCBuildConfiguration section */
		B253CD2F2EC4154B001396C3 /* Debug */ = {
			isa = XCBuildConfiguration;
			buildSettings = {
				ALWAYS_SEARCH_USER_PATHS = NO;
				ASSETCATALOG_COMPILER_GENERATE_SWIFT_ASSET_SYMBOL_EXTENSIONS = YES;
				CLANG_ANALYZER_NONNULL = YES;
				CLANG_ANALYZER_NUMBER_OBJECT_CONVERSION = YES_AGGRESSIVE;
				CLANG_CXX_LANGUAGE_STANDARD = "gnu++20";
				CLANG_ENABLE_MODULES = YES;
				CLANG_ENABLE_OBJC_ARC = YES;
				CLANG_ENABLE_OBJC_WEAK = YES;
				CLANG_WARN_BLOCK_CAPTURE_AUTORELEASING = YES;
				CLANG_WARN_BOOL_CONVERSION = YES;
				CLANG_WARN_COMMA = YES;
				CLANG_WARN_CONSTANT_CONVERSION = YES;
				CLANG_WARN_DEPRECATED_OBJC_IMPLEMENTATIONS = YES;
				CLANG_WARN_DIRECT_OBJC_ISA_USAGE = YES_ERROR;
				CLANG_WARN_DOCUMENTATION_COMMENTS = YES;
				CLANG_WARN_EMPTY_BODY = YES;
				CLANG_WARN_ENUM_CONVERSION = YES;
				CLANG_WARN_INFINITE_RECURSION = YES;
				CLANG_WARN_INT_CONVERSION = YES;
				CLANG_WARN_NON_LITERAL_NULL_CONVERSION = YES;
				CLANG_WARN_OBJC_IMPLICIT_RETAIN_SELF = YES;
				CLANG_WARN_OBJC_LITERAL_CONVERSION = YES;
				CLANG_WARN_OBJC_ROOT_CLASS = YES_ERROR;
				CLANG_WARN_QUOTED_INCLUDE_IN_FRAMEWORK_HEADER = YES;
				CLANG_WARN_RANGE_LOOP_ANALYSIS = YES;
				CLANG_WARN_STRICT_PROTOTYPES = YES;
				CLANG_WARN_SUSPICIOUS_MOVE = YES;
				CLANG_WARN_UNGUARDED_AVAILABILITY = YES_AGGRESSIVE;
				CLANG_WARN_UNREACHABLE_CODE = YES;
				CLANG_WARN__DUPLICATE_METHOD_MATCH = YES;
				COPY_PHASE_STRIP = NO;
				DEBUG_INFORMATION_FORMAT = dwarf;
				DEVELOPMENT_TEAM = BHLKBSXR3U;
				ENABLE_STRICT_OBJC_MSGSEND = YES;
				ENABLE_TESTABILITY = YES;
				ENABLE_USER_SCRIPT_SANDBOXING = YES;
				GCC_C_LANGUAGE_STANDARD = gnu17;
				GCC_DYNAMIC_NO_PIC = NO;
				GCC_NO_COMMON_BLOCKS = YES;
				GCC_OPTIMIZATION_LEVEL = 0;
				GCC_PREPROCESSOR_DEFINITIONS = (
					"DEBUG=1",
					"$(inherited)",
				);
				GCC_WARN_64_TO_32_BIT_CONVERSION = YES;
				GCC_WARN_ABOUT_RETURN_TYPE = YES_ERROR;
				GCC_WARN_UNDECLARED_SELECTOR = YES;
				GCC_WARN_UNINITIALIZED_AUTOS = YES_AGGRESSIVE;
				GCC_WARN_UNUSED_FUNCTION = YES;
				GCC_WARN_UNUSED_VARIABLE = YES;
				IPHONEOS_DEPLOYMENT_TARGET = 18.5;
				LOCALIZATION_PREFERS_STRING_CATALOGS = YES;
				MTL_ENABLE_DEBUG_INFO = INCLUDE_SOURCE;
				MTL_FAST_MATH = YES;
				ONLY_ACTIVE_ARCH = YES;
				SDKROOT = iphoneos;
				SWIFT_ACTIVE_COMPILATION_CONDITIONS = "DEBUG $(inherited)";
				SWIFT_OPTIMIZATION_LEVEL = "-Onone";
			};
			name = Debug;
		};
		B253CD302EC4154B001396C3 /* Release */ = {
			isa = XCBuildConfiguration;
			buildSettings = {
				ALWAYS_SEARCH_USER_PATHS = NO;
				ASSETCATALOG_COMPILER_GENERATE_SWIFT_ASSET_SYMBOL_EXTENSIONS = YES;
				CLANG_ANALYZER_NONNULL = YES;
				CLANG_ANALYZER_NUMBER_OBJECT_CONVERSION = YES_AGGRESSIVE;
				CLANG_CXX_LANGUAGE_STANDARD = "gnu++20";
				CLANG_ENABLE_MODULES = YES;
				CLANG_ENABLE_OBJC_ARC = YES;
				CLANG_ENABLE_OBJC_WEAK = YES;
				CLANG_WARN_BLOCK_CAPTURE_AUTORELEASING = YES;
				CLANG_WARN_BOOL_CONVERSION = YES;
				CLANG_WARN_COMMA = YES;
				CLANG_WARN_CONSTANT_CONVERSION = YES;
				CLANG_WARN_DEPRECATED_OBJC_IMPLEMENTATIONS = YES;
				CLANG_WARN_DIRECT_OBJC_ISA_USAGE = YES_ERROR;
				CLANG_WARN_DOCUMENTATION_COMMENTS = YES;
				CLANG_WARN_EMPTY_BODY = YES;
				CLANG_WARN_ENUM_CONVERSION = YES;
				CLANG_WARN_INFINITE_RECURSION = YES;
				CLANG_WARN_INT_CONVERSION = YES;
				CLANG_WARN_NON_LITERAL_NULL_CONVERSION = YES;
				CLANG_WARN_OBJC_IMPLICIT_RETAIN_SELF = YES;
				CLANG_WARN_OBJC_LITERAL_CONVERSION = YES;
				CLANG_WARN_OBJC_ROOT_CLASS = YES_ERROR;
				CLANG_WARN_QUOTED_INCLUDE_IN_FRAMEWORK_HEADER = YES;
				CLANG_WARN_RANGE_LOOP_ANALYSIS = YES;
				CLANG_WARN_STRICT_PROTOTYPES = YES;
				CLANG_WARN_SUSPICIOUS_MOVE = YES;
				CLANG_WARN_UNGUARDED_AVAILABILITY = YES_AGGRESSIVE;
				CLANG_WARN_UNREACHABLE_CODE = YES;
				CLANG_WARN__DUPLICATE_METHOD_MATCH = YES;
				COPY_PHASE_STRIP = NO;
				DEBUG_INFORMATION_FORMAT = "dwarf-with-dsym";
				DEVELOPMENT_TEAM = BHLKBSXR3U;
				ENABLE_NS_ASSERTIONS = NO;
				ENABLE_STRICT_OBJC_MSGSEND = YES;
				ENABLE_USER_SCRIPT_SANDBOXING = YES;
				GCC_C_LANGUAGE_STANDARD = gnu17;
				GCC_NO_COMMON_BLOCKS = YES;
				GCC_WARN_64_TO_32_BIT_CONVERSION = YES;
				GCC_WARN_ABOUT_RETURN_TYPE = YES_ERROR;
				GCC_WARN_UNDECLARED_SELECTOR = YES;
				GCC_WARN_UNINITIALIZED_AUTOS = YES_AGGRESSIVE;
				GCC_WARN_UNUSED_FUNCTION = YES;
				GCC_WARN_UNUSED_VARIABLE = YES;
				IPHONEOS_DEPLOYMENT_TARGET = 18.5;
				LOCALIZATION_PREFERS_STRING_CATALOGS = YES;
				MTL_ENABLE_DEBUG_INFO = NO;
				MTL_FAST_MATH = YES;
				SDKROOT = iphoneos;
				SWIFT_COMPILATION_MODE = wholemodule;
				VALIDATE_PRODUCT = YES;
			};
			name = Release;
		};
		B253CD322EC4154B001396C3 /* Debug */ = {
			isa = XCBuildConfiguration;
			buildSettings = {
				ASSETCATALOG_COMPILER_APPICON_NAME = AppIcon;
				ASSETCATALOG_COMPILER_GLOBAL_ACCENT_COLOR_NAME = AccentColor;
				CLANG_ENABLE_MODULES = YES;
				CODE_SIGN_STYLE = Automatic;
				CURRENT_PROJECT_VERSION = 1;
				DEVELOPMENT_TEAM = BHLKBSXR3U;
				ENABLE_PREVIEWS = YES;
				GENERATE_INFOPLIST_FILE = YES;
				INFOPLIST_FILE = "com-IYA-Mueso-kenyaramirez-Info.plist";
				INFOPLIST_KEY_NSMicrophoneUsageDescription = "Museo uses the microphone to record voice memos";
				INFOPLIST_KEY_UIApplicationSceneManifest_Generation = YES;
				INFOPLIST_KEY_UIApplicationSupportsIndirectInputEvents = YES;
				INFOPLIST_KEY_UILaunchScreen_Generation = YES;
				INFOPLIST_KEY_UISupportedInterfaceOrientations_iPad = "UIInterfaceOrientationPortrait UIInterfaceOrientationPortraitUpsideDown UIInterfaceOrientationLandscapeLeft UIInterfaceOrientationLandscapeRight";
				INFOPLIST_KEY_UISupportedInterfaceOrientations_iPhone = "UIInterfaceOrientationPortrait UIInterfaceOrientationLandscapeLeft UIInterfaceOrientationLandscapeRight";
				LD_RUNPATH_SEARCH_PATHS = (
					"$(inherited)",
					"@executable_path/Frameworks",
				);
				MARKETING_VERSION = 1.0;
				PRODUCT_BUNDLE_IDENTIFIER = "com.IYA.KenyaRamirez.com-IYA-Mueso-kenyaramirez";
				PRODUCT_NAME = "$(TARGET_NAME)";
				SWIFT_EMIT_LOC_STRINGS = YES;
				SWIFT_OPTIMIZATION_LEVEL = "-Onone";
				SWIFT_VERSION = 5.0;
				TARGETED_DEVICE_FAMILY = "1,2";
			};
			name = Debug;
		};
		B253CD332EC4154B001396C3 /* Release */ = {
			isa = XCBuildConfiguration;
			buildSettings = {
				ASSETCATALOG_COMPILER_APPICON_NAME = AppIcon;
				ASSETCATALOG_COMPILER_GLOBAL_ACCENT_COLOR_NAME = AccentColor;
				CLANG_ENABLE_MODULES = YES;
				CODE_SIGN_STYLE = Automatic;
				CURRENT_PROJECT_VERSION = 1;
				DEVELOPMENT_TEAM = BHLKBSXR3U;
				ENABLE_PREVIEWS = YES;
				GENERATE_INFOPLIST_FILE = YES;
				INFOPLIST_FILE = "com-IYA-Mueso-kenyaramirez-Info.plist";
				INFOPLIST_KEY_NSMicrophoneUsageDescription = "Museo uses the microphone to record voice memos";
				INFOPLIST_KEY_UIApplicationSceneManifest_Generation = YES;
				INFOPLIST_KEY_UIApplicationSupportsIndirectInputEvents = YES;
				INFOPLIST_KEY_UILaunchScreen_Generation = YES;
				INFOPLIST_KEY_UISupportedInterfaceOrientations_iPad = "UIInterfaceOrientationPortrait UIInterfaceOrientationPortraitUpsideDown UIInterfaceOrientationLandscapeLeft UIInterfaceOrientationLandscapeRight";
				INFOPLIST_KEY_UISupportedInterfaceOrientations_iPhone = "UIInterfaceOrientationPortrait UIInterfaceOrientationLandscapeLeft UIInterfaceOrientationLandscapeRight";
				LD_RUNPATH_SEARCH_PATHS = (
					"$(inherited)",
					"@executable_path/Frameworks",
				);
				MARKETING_VERSION = 1.0;
				PRODUCT_BUNDLE_IDENTIFIER = "com.IYA.KenyaRamirez.com-IYA-Mueso-kenyaramirez";
				PRODUCT_NAME = "$(TARGET_NAME)";
				SWIFT_EMIT_LOC_STRINGS = YES;
				SWIFT_VERSION = 5.0;
				TARGETED_DEVICE_FAMILY = "1,2";
			};
			name = Release;
		};
/* End XCBuildConfiguration section */

/* Begin XCConfigurationList section */
		B253CD212EC41549001396C3 /* Build configuration list for PBXProject "com.IYA.Mueso.kenyaramirez" */ = {
			isa = XCConfigurationList;
			buildConfigurations = (
				B253CD2F2EC4154B001396C3 /* Debug */,
				B253CD302EC4154B001396C3 /* Release */,
			);
			defaultConfigurationIsVisible = 0;
			defaultConfigurationName = Release;
		};
		B253CD312EC4154B001396C3 /* Build configuration list for PBXNativeTarget "com.IYA.Mueso.kenyaramirez" */ = {
			isa = XCConfigurationList;
			buildConfigurations = (
				B253CD322EC4154B001396C3 /* Debug */,
				B253CD332EC4154B001396C3 /* Release */,
			);
			defaultConfigurationIsVisible = 0;
			defaultConfigurationName = Release;
		};
/* End XCConfigurationList section */
	};
	rootObject = B253CD1E2EC41549001396C3 /* Project object */;
}
